
Microsoft Visual Studio Solution File, Format Version 12.00
# Visual Studio 15
VisualStudioVersion = 15.0.28307.1267
MinimumVisualStudioVersion = 10.0.40219.1
Project("{FAE04EC0-301F-11D3-BF4B-00C04F79EFBC}") = "5951071077_TranDuyPhuc_Weather", "5951071077_TranDuyPhuc_Weather\5951071077_TranDuyPhuc_Weather.csproj", "{DDAAA1B0-4A1D-45CD-9621-1844EC64AD1E}"
EndProject
Global
	GlobalSection(SolutionConfigurationPlatforms) = preSolution
		Debug|Any CPU = Debug|Any CPU
		Release|Any CPU = Release|Any CPU
	EndGlobalSection
	GlobalSection(ProjectConfigurationPlatforms) = postSolution
		{DDAAA1B0-4A1D-45CD-9621-1844EC64AD1E}.Debug|Any CPU.ActiveCfg = Debug|Any CPU
		{DDAAA1B0-4A1D-45CD-9621-1844EC64AD1E}.Debug|Any CPU.Build.0 = Debug|Any CPU
		{DDAAA1B0-4A1D-45CD-9621-1844EC64AD1E}.Release|Any CPU.ActiveCfg = Release|Any CPU
		{DDAAA1B0-4A1D-45CD-9621-1844EC64AD1E}.Release|Any CPU.Build.0 = Release|Any CPU
	EndGlobalSection
	GlobalSection(SolutionProperties) = preSolution
		HideSolutionNode = FALSE
	EndGlobalSection
	GlobalSection(ExtensibilityGlobals) = postSolution
		SolutionGuid = {8A687824-B0C7-4C43-9530-4889DE14254E}
	EndGlobalSection
EndGlobal
